
Microsoft Visual Studio Solution File, Format Version 12.00
# Visual Studio Version 17
VisualStudioVersion = 17.6.33801.468
MinimumVisualStudioVersion = 10.0.40219.1
Project("{9A19103F-16F7-4668-BE54-9A1E7A4F7556}") = "CrmDemo", "CrmDemo\CrmDemo.csproj", "{1D912B9A-75AD-4B93-BE95-CCE399C48494}"
EndProject
Project("{9A19103F-16F7-4668-BE54-9A1E7A4F7556}") = "CrmDemo.DataModel", "CrmDemo.DataModel\CrmDemo.DataModel.csproj", "{0A067B19-3E92-4F74-B722-B1F4EDC59E6E}"
EndProject
Global
	GlobalSection(SolutionConfigurationPlatforms) = preSolution
		Debug|Any CPU = Debug|Any CPU
		Release|Any CPU = Release|Any CPU
	EndGlobalSection
	GlobalSection(ProjectConfigurationPlatforms) = postSolution
		{1D912B9A-75AD-4B93-BE95-CCE399C48494}.Debug|Any CPU.ActiveCfg = Debug|Any CPU
		{1D912B9A-75AD-4B93-BE95-CCE399C48494}.Debug|Any CPU.Build.0 = Debug|Any CPU
		{1D912B9A-75AD-4B93-BE95-CCE399C48494}.Debug|Any CPU.Deploy.0 = Debug|Any CPU
		{1D912B9A-75AD-4B93-BE95-CCE399C48494}.Release|Any CPU.ActiveCfg = Release|Any CPU
		{1D912B9A-75AD-4B93-BE95-CCE399C48494}.Release|Any CPU.Build.0 = Release|Any CPU
		{1D912B9A-75AD-4B93-BE95-CCE399C48494}.Release|Any CPU.Deploy.0 = Release|Any CPU
		{0A067B19-3E92-4F74-B722-B1F4EDC59E6E}.Debug|Any CPU.ActiveCfg = Debug|Any CPU
		{0A067B19-3E92-4F74-B722-B1F4EDC59E6E}.Debug|Any CPU.Build.0 = Debug|Any CPU
		{0A067B19-3E92-4F74-B722-B1F4EDC59E6E}.Release|Any CPU.ActiveCfg = Release|Any CPU
		{0A067B19-3E92-4F74-B722-B1F4EDC59E6E}.Release|Any CPU.Build.0 = Release|Any CPU
	EndGlobalSection
	GlobalSection(SolutionProperties) = preSolution
		HideSolutionNode = FALSE
	EndGlobalSection
	GlobalSection(ExtensibilityGlobals) = postSolution
		SolutionGuid = {6E1BCA9D-17F8-45EA-B318-69A6DBE735FB}
	EndGlobalSection
EndGlobal
